
Microsoft Visual Studio Solution File, Format Version 12.00
# Visual Studio 14
VisualStudioVersion = 14.0.25420.1
MinimumVisualStudioVersion = 10.0.40219.1
Project("{FAE04EC0-301F-11D3-BF4B-00C04F79EFBC}") = "test0607_pick3", "test0607_pick3\test0607_pick3.csproj", "{79AC4561-2528-4360-B6E0-B2DA76E67F26}"
EndProject
Global
	GlobalSection(SolutionConfigurationPlatforms) = preSolution
		Debug|Any CPU = Debug|Any CPU
		Release|Any CPU = Release|Any CPU
	EndGlobalSection
	GlobalSection(ProjectConfigurationPlatforms) = postSolution
		{79AC4561-2528-4360-B6E0-B2DA76E67F26}.Debug|Any CPU.ActiveCfg = Debug|Any CPU
		{79AC4561-2528-4360-B6E0-B2DA76E67F26}.Debug|Any CPU.Build.0 = Debug|Any CPU
		{79AC4561-2528-4360-B6E0-B2DA76E67F26}.Release|Any CPU.ActiveCfg = Release|Any CPU
		{79AC4561-2528-4360-B6E0-B2DA76E67F26}.Release|Any CPU.Build.0 = Release|Any CPU
	EndGlobalSection
	GlobalSection(SolutionProperties) = preSolution
		HideSolutionNode = FALSE
	EndGlobalSection
EndGlobal
