
Microsoft Visual Studio Solution File, Format Version 12.00
# Visual Studio 14
VisualStudioVersion = 14.0.25420.1
MinimumVisualStudioVersion = 10.0.40219.1
Project("{FAE04EC0-301F-11D3-BF4B-00C04F79EFBC}") = "test0531_ListBox", "test0531_ListBox\test0531_ListBox.csproj", "{2156510D-841D-447E-9667-DE1BF806886A}"
EndProject
Global
	GlobalSection(SolutionConfigurationPlatforms) = preSolution
		Debug|Any CPU = Debug|Any CPU
		Release|Any CPU = Release|Any CPU
	EndGlobalSection
	GlobalSection(ProjectConfigurationPlatforms) = postSolution
		{2156510D-841D-447E-9667-DE1BF806886A}.Debug|Any CPU.ActiveCfg = Debug|Any CPU
		{2156510D-841D-447E-9667-DE1BF806886A}.Debug|Any CPU.Build.0 = Debug|Any CPU
		{2156510D-841D-447E-9667-DE1BF806886A}.Release|Any CPU.ActiveCfg = Release|Any CPU
		{2156510D-841D-447E-9667-DE1BF806886A}.Release|Any CPU.Build.0 = Release|Any CPU
	EndGlobalSection
	GlobalSection(SolutionProperties) = preSolution
		HideSolutionNode = FALSE
	EndGlobalSection
EndGlobal
